{
<<<<<<< HEAD
  "name": "project-3",
  "version": "1.0.0",
  "lockfileVersion": 3,
  "requires": true,
  "packages": {
    "": {
      "name": "project-3",
      "version": "1.0.0",
      "license": "ISC",
      "dependencies": {
        "zod": "^4.1.12"
      }
    },
    "node_modules/zod": {
      "version": "4.1.12",
      "resolved": "https://registry.npmjs.org/zod/-/zod-4.1.12.tgz",
      "integrity": "sha512-JInaHOamG8pt5+Ey8kGmdcAcg3OL9reK8ltczgHTAwNhMys/6ThXHityHxVV2p3fkw/c+MAvBHFVYHFZDmjMCQ==",
      "funding": {
        "url": "https://github.com/sponsors/colinhacks"
      }
    }
  }
=======
  "name": "Project-3",
  "lockfileVersion": 3,
  "requires": true,
  "packages": {}
>>>>>>> 0e85934 (Enhance poker game with complete No-Limit Texas Hold'em implementation - Fixed minimum raise logic (uses lastRaiseAmount) - Added community card safeguards (max 5 cards) - Removed auto-check for big blind (BB can now check/raise) - Improved betting round completion logic - Enhanced dealer/blind rotation - Fixed showdown and pot distribution)
}
